
Microsoft Visual Studio Solution File, Format Version 12.00
# Visual Studio Version 17
VisualStudioVersion = 17.12.35527.113 d17.12
MinimumVisualStudioVersion = 10.0.40219.1
Project("{FAE04EC0-301F-11D3-BF4B-00C04F79EFBC}") = "API", "API.csproj", "{BF11CD8D-B324-4784-9F0A-AA7360122D3F}"
EndProject
Project("{FAE04EC0-301F-11D3-BF4B-00C04F79EFBC}") = "BUS", "..\bus\BUS.csproj", "{A32B60F3-129F-42AC-B1EA-E58467A01D30}"
EndProject
Project("{FAE04EC0-301F-11D3-BF4B-00C04F79EFBC}") = "DBA", "..\DBA\DBA.csproj", "{C3578759-011F-4FCA-B04A-720B3EA66E55}"
EndProject
Project("{FAE04EC0-301F-11D3-BF4B-00C04F79EFBC}") = "Shared", "..\Shared\Shared.csproj", "{A6F9BE8C-A50B-4B72-A47D-5526CEA2F1C9}"
EndProject
Global
	GlobalSection(SolutionConfigurationPlatforms) = preSolution
		Debug|Any CPU = Debug|Any CPU
		Release|Any CPU = Release|Any CPU
	EndGlobalSection
	GlobalSection(ProjectConfigurationPlatforms) = postSolution
		{BF11CD8D-B324-4784-9F0A-AA7360122D3F}.Debug|Any CPU.ActiveCfg = Debug|Any CPU
		{BF11CD8D-B324-4784-9F0A-AA7360122D3F}.Debug|Any CPU.Build.0 = Debug|Any CPU
		{BF11CD8D-B324-4784-9F0A-AA7360122D3F}.Release|Any CPU.ActiveCfg = Release|Any CPU
		{BF11CD8D-B324-4784-9F0A-AA7360122D3F}.Release|Any CPU.Build.0 = Release|Any CPU
		{A32B60F3-129F-42AC-B1EA-E58467A01D30}.Debug|Any CPU.ActiveCfg = Debug|Any CPU
		{A32B60F3-129F-42AC-B1EA-E58467A01D30}.Debug|Any CPU.Build.0 = Debug|Any CPU
		{A32B60F3-129F-42AC-B1EA-E58467A01D30}.Release|Any CPU.ActiveCfg = Release|Any CPU
		{A32B60F3-129F-42AC-B1EA-E58467A01D30}.Release|Any CPU.Build.0 = Release|Any CPU
		{C3578759-011F-4FCA-B04A-720B3EA66E55}.Debug|Any CPU.ActiveCfg = Debug|Any CPU
		{C3578759-011F-4FCA-B04A-720B3EA66E55}.Debug|Any CPU.Build.0 = Debug|Any CPU
		{C3578759-011F-4FCA-B04A-720B3EA66E55}.Release|Any CPU.ActiveCfg = Release|Any CPU
		{C3578759-011F-4FCA-B04A-720B3EA66E55}.Release|Any CPU.Build.0 = Release|Any CPU
		{A6F9BE8C-A50B-4B72-A47D-5526CEA2F1C9}.Debug|Any CPU.ActiveCfg = Debug|Any CPU
		{A6F9BE8C-A50B-4B72-A47D-5526CEA2F1C9}.Debug|Any CPU.Build.0 = Debug|Any CPU
		{A6F9BE8C-A50B-4B72-A47D-5526CEA2F1C9}.Release|Any CPU.ActiveCfg = Release|Any CPU
		{A6F9BE8C-A50B-4B72-A47D-5526CEA2F1C9}.Release|Any CPU.Build.0 = Release|Any CPU
	EndGlobalSection
	GlobalSection(SolutionProperties) = preSolution
		HideSolutionNode = FALSE
	EndGlobalSection
EndGlobal
